PODS:
  - JSA4Cocoa (1.0.1)
  - MyLayout (1.6.1)

DEPENDENCIES:
  - JSA4Cocoa
  - MyLayout

SPEC REPOS:
  https://github.com/cocoapods/specs.git:
    - JSA4Cocoa
    - MyLayout

SPEC CHECKSUMS:
  JSA4Cocoa: 29ed29741287d6b4ddc73dceaeeee0de99b357a0
  MyLayout: 833c4b24a69a1e3fd33abe827eeb2fdf19193408

PODFILE CHECKSUM: 6cab6b7049d798971ec9b8517efcb76eb942cc63

COCOAPODS: 1.6.0.beta.2
