PODS:
  - JSA4Cocoa (1.0.0)
  - MyLayout (1.6.1)

DEPENDENCIES:
  - JSA4Cocoa
  - MyLayout

SPEC REPOS:
  https://github.com/cocoapods/specs.git:
    - JSA4Cocoa
    - MyLayout

SPEC CHECKSUMS:
  JSA4Cocoa: c69ca0463a43a42762c4c2c29448beb6fa28d4a7
  MyLayout: 833c4b24a69a1e3fd33abe827eeb2fdf19193408

PODFILE CHECKSUM: 6cab6b7049d798971ec9b8517efcb76eb942cc63

COCOAPODS: 1.6.0.beta.2
