// !$*UTF8*$!
{
	archiveVersion = 1;
	classes = {
	};
	objectVersion = 50;
	objects = {

/* Begin PBXBuildFile section */
		22FFC525544C535DEDF6FD3A /* libPods-JSAUIKitCocoaDemoTests.a in Frameworks */ = {isa = PBXBuildFile; fileRef = A9130BE979DA3649330D43C2 /* libPods-JSAUIKitCocoaDemoTests.a */; };
		625A7943ED0339121F00CFD2 /* libPods-JSAUIKitCocoaDemoUITests.a in Frameworks */ = {isa = PBXBuildFile; fileRef = 2AD55116953FEDE9CE1E57A7 /* libPods-JSAUIKitCocoaDemoUITests.a */; };
		F4EA1F0520544A7A3D29F83F /* libPods-JSAUIKitCocoaDemo.a in Frameworks */ = {isa = PBXBuildFile; fileRef = F23E68A94665E47C87A3CCB7 /* libPods-JSAUIKitCocoaDemo.a */; };
		F7A5217F219B17E4002A67D0 /* AppDelegate.m in Sources */ = {isa = PBXBuildFile; fileRef = F7A5217E219B17E4002A67D0 /* AppDelegate.m */; };
		F7A52187219B17E5002A67D0 /* Assets.xcassets in Resources */ = {isa = PBXBuildFile; fileRef = F7A52186219B17E5002A67D0 /* Assets.xcassets */; };
		F7A5218A219B17E5002A67D0 /* LaunchScreen.storyboard in Resources */ = {isa = PBXBuildFile; fileRef = F7A52188219B17E5002A67D0 /* LaunchScreen.storyboard */; };
		F7A5218D219B17E5002A67D0 /* main.m in Sources */ = {isa = PBXBuildFile; fileRef = F7A5218C219B17E5002A67D0 /* main.m */; };
		F7A52197219B17E5002A67D0 /* JSAUIKitCocoaDemoTests.m in Sources */ = {isa = PBXBuildFile; fileRef = F7A52196219B17E5002A67D0 /* JSAUIKitCocoaDemoTests.m */; };
		F7A521A2219B17E5002A67D0 /* JSAUIKitCocoaDemoUITests.m in Sources */ = {isa = PBXBuildFile; fileRef = F7A521A1219B17E5002A67D0 /* JSAUIKitCocoaDemoUITests.m */; };
		F7A521B3219B24B2002A67D0 /* JSAUIViewController.m in Sources */ = {isa = PBXBuildFile; fileRef = F7A521B2219B24B2002A67D0 /* JSAUIViewController.m */; };
		F7A521B7219B2E47002A67D0 /* app in Resources */ = {isa = PBXBuildFile; fileRef = F7A521B6219B2E47002A67D0 /* app */; };
		F7A521BA219BDF39002A67D0 /* JSAUIView.m in Sources */ = {isa = PBXBuildFile; fileRef = F7A521B9219BDF39002A67D0 /* JSAUIView.m */; };
		F7A521BD219C0D80002A67D0 /* jsa in Resources */ = {isa = PBXBuildFile; fileRef = F7A521BC219C0D80002A67D0 /* jsa */; };
		F7A521C0219C12DE002A67D0 /* JSAMyRelativeLayout.m in Sources */ = {isa = PBXBuildFile; fileRef = F7A521BF219C12DE002A67D0 /* JSAMyRelativeLayout.m */; };
		F7A521C3219C1623002A67D0 /* JSAUIColor.m in Sources */ = {isa = PBXBuildFile; fileRef = F7A521C2219C1623002A67D0 /* JSAUIColor.m */; };
		F7A521C6219C4B00002A67D0 /* JSAMyLayoutPos.m in Sources */ = {isa = PBXBuildFile; fileRef = F7A521C5219C4B00002A67D0 /* JSAMyLayoutPos.m */; };
		F7A521CB21A3BA5D002A67D0 /* JSAUIResponder.m in Sources */ = {isa = PBXBuildFile; fileRef = F7A521CA21A3BA5D002A67D0 /* JSAUIResponder.m */; };
		F7A521CE21A3E458002A67D0 /* JSANSObject.m in Sources */ = {isa = PBXBuildFile; fileRef = F7A521CD21A3E458002A67D0 /* JSANSObject.m */; };
		F7A521D121A427B4002A67D0 /* JSAMyLinearLayout.m in Sources */ = {isa = PBXBuildFile; fileRef = F7A521D021A427B4002A67D0 /* JSAMyLinearLayout.m */; };
/* End PBXBuildFile section */

/* Begin PBXContainerItemProxy section */
		F7A52193219B17E5002A67D0 /* PBXContainerItemProxy */ = {
			isa = PBXContainerItemProxy;
			containerPortal = F7A52172219B17E4002A67D0 /* Project object */;
			proxyType = 1;
			remoteGlobalIDString = F7A52179219B17E4002A67D0;
			remoteInfo = JSAUIKitCocoaDemo;
		};
		F7A5219E219B17E5002A67D0 /* PBXContainerItemProxy */ = {
			isa = PBXContainerItemProxy;
			containerPortal = F7A52172219B17E4002A67D0 /* Project object */;
			proxyType = 1;
			remoteGlobalIDString = F7A52179219B17E4002A67D0;
			remoteInfo = JSAUIKitCocoaDemo;
		};
/* End PBXContainerItemProxy section */

/* Begin PBXFileReference section */
		14F876E0FE628F1D67912E71 /* Pods-JSAUIKitCocoaDemo.debug.xcconfig */ = {isa = PBXFileReference; includeInIndex = 1; lastKnownFileType = text.xcconfig; name = "Pods-JSAUIKitCocoaDemo.debug.xcconfig"; path = "Target Support Files/Pods-JSAUIKitCocoaDemo/Pods-JSAUIKitCocoaDemo.debug.xcconfig"; sourceTree = "<group>"; };
		20E5C3991D6785AED3CA0976 /* Pods-JSAUIKitCocoaDemoUITests.release.xcconfig */ = {isa = PBXFileReference; includeInIndex = 1; lastKnownFileType = text.xcconfig; name = "Pods-JSAUIKitCocoaDemoUITests.release.xcconfig"; path = "Target Support Files/Pods-JSAUIKitCocoaDemoUITests/Pods-JSAUIKitCocoaDemoUITests.release.xcconfig"; sourceTree = "<group>"; };
		2AD55116953FEDE9CE1E57A7 /* libPods-JSAUIKitCocoaDemoUITests.a */ = {isa = PBXFileReference; explicitFileType = archive.ar; includeInIndex = 0; path = "libPods-JSAUIKitCocoaDemoUITests.a"; sourceTree = BUILT_PRODUCTS_DIR; };
		47FE236C0B826F433CFF480D /* Pods-JSAUIKitCocoaDemoUITests.debug.xcconfig */ = {isa = PBXFileReference; includeInIndex = 1; lastKnownFileType = text.xcconfig; name = "Pods-JSAUIKitCocoaDemoUITests.debug.xcconfig"; path = "Target Support Files/Pods-JSAUIKitCocoaDemoUITests/Pods-JSAUIKitCocoaDemoUITests.debug.xcconfig"; sourceTree = "<group>"; };
		9EBDD17299913BA675F3D2C4 /* Pods-JSAUIKitCocoaDemoTests.release.xcconfig */ = {isa = PBXFileReference; includeInIndex = 1; lastKnownFileType = text.xcconfig; name = "Pods-JSAUIKitCocoaDemoTests.release.xcconfig"; path = "Target Support Files/Pods-JSAUIKitCocoaDemoTests/Pods-JSAUIKitCocoaDemoTests.release.xcconfig"; sourceTree = "<group>"; };
		A9130BE979DA3649330D43C2 /* libPods-JSAUIKitCocoaDemoTests.a */ = {isa = PBXFileReference; explicitFileType = archive.ar; includeInIndex = 0; path = "libPods-JSAUIKitCocoaDemoTests.a"; sourceTree = BUILT_PRODUCTS_DIR; };
		D9AC1CEA4C27A6B7CA69BCAB /* Pods-JSAUIKitCocoaDemo.release.xcconfig */ = {isa = PBXFileReference; includeInIndex = 1; lastKnownFileType = text.xcconfig; name = "Pods-JSAUIKitCocoaDemo.release.xcconfig"; path = "Target Support Files/Pods-JSAUIKitCocoaDemo/Pods-JSAUIKitCocoaDemo.release.xcconfig"; sourceTree = "<group>"; };
		F23E68A94665E47C87A3CCB7 /* libPods-JSAUIKitCocoaDemo.a */ = {isa = PBXFileReference; explicitFileType = archive.ar; includeInIndex = 0; path = "libPods-JSAUIKitCocoaDemo.a"; sourceTree = BUILT_PRODUCTS_DIR; };
		F7A5217A219B17E4002A67D0 /* JSAUIKitCocoaDemo.app */ = {isa = PBXFileReference; explicitFileType = wrapper.application; includeInIndex = 0; path = JSAUIKitCocoaDemo.app; sourceTree = BUILT_PRODUCTS_DIR; };
		F7A5217D219B17E4002A67D0 /* AppDelegate.h */ = {isa = PBXFileReference; lastKnownFileType = sourcecode.c.h; path = AppDelegate.h; sourceTree = "<group>"; };
		F7A5217E219B17E4002A67D0 /* AppDelegate.m */ = {isa = PBXFileReference; lastKnownFileType = sourcecode.c.objc; path = AppDelegate.m; sourceTree = "<group>"; };
		F7A52186219B17E5002A67D0 /* Assets.xcassets */ = {isa = PBXFileReference; lastKnownFileType = folder.assetcatalog; path = Assets.xcassets; sourceTree = "<group>"; };
		F7A52189219B17E5002A67D0 /* Base */ = {isa = PBXFileReference; lastKnownFileType = file.storyboard; name = Base; path = Base.lproj/LaunchScreen.storyboard; sourceTree = "<group>"; };
		F7A5218B219B17E5002A67D0 /* Info.plist */ = {isa = PBXFileReference; lastKnownFileType = text.plist.xml; path = Info.plist; sourceTree = "<group>"; };
		F7A5218C219B17E5002A67D0 /* main.m */ = {isa = PBXFileReference; lastKnownFileType = sourcecode.c.objc; path = main.m; sourceTree = "<group>"; };
		F7A52192219B17E5002A67D0 /* JSAUIKitCocoaDemoTests.xctest */ = {isa = PBXFileReference; explicitFileType = wrapper.cfbundle; includeInIndex = 0; path = JSAUIKitCocoaDemoTests.xctest; sourceTree = BUILT_PRODUCTS_DIR; };
		F7A52196219B17E5002A67D0 /* JSAUIKitCocoaDemoTests.m */ = {isa = PBXFileReference; lastKnownFileType = sourcecode.c.objc; path = JSAUIKitCocoaDemoTests.m; sourceTree = "<group>"; };
		F7A52198219B17E5002A67D0 /* Info.plist */ = {isa = PBXFileReference; lastKnownFileType = text.plist.xml; path = Info.plist; sourceTree = "<group>"; };
		F7A5219D219B17E5002A67D0 /* JSAUIKitCocoaDemoUITests.xctest */ = {isa = PBXFileReference; explicitFileType = wrapper.cfbundle; includeInIndex = 0; path = JSAUIKitCocoaDemoUITests.xctest; sourceTree = BUILT_PRODUCTS_DIR; };
		F7A521A1219B17E5002A67D0 /* JSAUIKitCocoaDemoUITests.m */ = {isa = PBXFileReference; lastKnownFileType = sourcecode.c.objc; path = JSAUIKitCocoaDemoUITests.m; sourceTree = "<group>"; };
		F7A521A3219B17E5002A67D0 /* Info.plist */ = {isa = PBXFileReference; lastKnownFileType = text.plist.xml; path = Info.plist; sourceTree = "<group>"; };
		F7A521B1219B24B2002A67D0 /* JSAUIViewController.h */ = {isa = PBXFileReference; lastKnownFileType = sourcecode.c.h; path = JSAUIViewController.h; sourceTree = "<group>"; };
		F7A521B2219B24B2002A67D0 /* JSAUIViewController.m */ = {isa = PBXFileReference; lastKnownFileType = sourcecode.c.objc; path = JSAUIViewController.m; sourceTree = "<group>"; };
		F7A521B4219B2524002A67D0 /* JSAUIKitCocoa.h */ = {isa = PBXFileReference; lastKnownFileType = sourcecode.c.h; path = JSAUIKitCocoa.h; sourceTree = "<group>"; };
		F7A521B6219B2E47002A67D0 /* app */ = {isa = PBXFileReference; lastKnownFileType = folder; path = app; sourceTree = "<group>"; };
		F7A521B8219BDF39002A67D0 /* JSAUIView.h */ = {isa = PBXFileReference; lastKnownFileType = sourcecode.c.h; path = JSAUIView.h; sourceTree = "<group>"; };
		F7A521B9219BDF39002A67D0 /* JSAUIView.m */ = {isa = PBXFileReference; lastKnownFileType = sourcecode.c.objc; path = JSAUIView.m; sourceTree = "<group>"; };
		F7A521BC219C0D80002A67D0 /* jsa */ = {isa = PBXFileReference; lastKnownFileType = folder; path = jsa; sourceTree = "<group>"; };
		F7A521BE219C12DE002A67D0 /* JSAMyRelativeLayout.h */ = {isa = PBXFileReference; lastKnownFileType = sourcecode.c.h; path = JSAMyRelativeLayout.h; sourceTree = "<group>"; };
		F7A521BF219C12DE002A67D0 /* JSAMyRelativeLayout.m */ = {isa = PBXFileReference; lastKnownFileType = sourcecode.c.objc; path = JSAMyRelativeLayout.m; sourceTree = "<group>"; };
		F7A521C1219C1623002A67D0 /* JSAUIColor.h */ = {isa = PBXFileReference; lastKnownFileType = sourcecode.c.h; path = JSAUIColor.h; sourceTree = "<group>"; };
		F7A521C2219C1623002A67D0 /* JSAUIColor.m */ = {isa = PBXFileReference; lastKnownFileType = sourcecode.c.objc; path = JSAUIColor.m; sourceTree = "<group>"; };
		F7A521C4219C4B00002A67D0 /* JSAMyLayoutPos.h */ = {isa = PBXFileReference; lastKnownFileType = sourcecode.c.h; path = JSAMyLayoutPos.h; sourceTree = "<group>"; };
		F7A521C5219C4B00002A67D0 /* JSAMyLayoutPos.m */ = {isa = PBXFileReference; lastKnownFileType = sourcecode.c.objc; path = JSAMyLayoutPos.m; sourceTree = "<group>"; };
		F7A521C921A3BA5D002A67D0 /* JSAUIResponder.h */ = {isa = PBXFileReference; lastKnownFileType = sourcecode.c.h; path = JSAUIResponder.h; sourceTree = "<group>"; };
		F7A521CA21A3BA5D002A67D0 /* JSAUIResponder.m */ = {isa = PBXFileReference; lastKnownFileType = sourcecode.c.objc; path = JSAUIResponder.m; sourceTree = "<group>"; };
		F7A521CC21A3E458002A67D0 /* JSANSObject.h */ = {isa = PBXFileReference; lastKnownFileType = sourcecode.c.h; path = JSANSObject.h; sourceTree = "<group>"; };
		F7A521CD21A3E458002A67D0 /* JSANSObject.m */ = {isa = PBXFileReference; lastKnownFileType = sourcecode.c.objc; path = JSANSObject.m; sourceTree = "<group>"; };
		F7A521CF21A427B4002A67D0 /* JSAMyLinearLayout.h */ = {isa = PBXFileReference; lastKnownFileType = sourcecode.c.h; path = JSAMyLinearLayout.h; sourceTree = "<group>"; };
		F7A521D021A427B4002A67D0 /* JSAMyLinearLayout.m */ = {isa = PBXFileReference; lastKnownFileType = sourcecode.c.objc; path = JSAMyLinearLayout.m; sourceTree = "<group>"; };
		FFEA1DCCC07F03C49D38FFFF /* Pods-JSAUIKitCocoaDemoTests.debug.xcconfig */ = {isa = PBXFileReference; includeInIndex = 1; lastKnownFileType = text.xcconfig; name = "Pods-JSAUIKitCocoaDemoTests.debug.xcconfig"; path = "Target Support Files/Pods-JSAUIKitCocoaDemoTests/Pods-JSAUIKitCocoaDemoTests.debug.xcconfig"; sourceTree = "<group>"; };
/* End PBXFileReference section */

/* Begin PBXFrameworksBuildPhase section */
		F7A52177219B17E4002A67D0 /* Frameworks */ = {
			isa = PBXFrameworksBuildPhase;
			buildActionMask = 2147483647;
			files = (
				F4EA1F0520544A7A3D29F83F /* libPods-JSAUIKitCocoaDemo.a in Frameworks */,
			);
			runOnlyForDeploymentPostprocessing = 0;
		};
		F7A5218F219B17E5002A67D0 /* Frameworks */ = {
			isa = PBXFrameworksBuildPhase;
			buildActionMask = 2147483647;
			files = (
				22FFC525544C535DEDF6FD3A /* libPods-JSAUIKitCocoaDemoTests.a in Frameworks */,
			);
			runOnlyForDeploymentPostprocessing = 0;
		};
		F7A5219A219B17E5002A67D0 /* Frameworks */ = {
			isa = PBXFrameworksBuildPhase;
			buildActionMask = 2147483647;
			files = (
				625A7943ED0339121F00CFD2 /* libPods-JSAUIKitCocoaDemoUITests.a in Frameworks */,
			);
			runOnlyForDeploymentPostprocessing = 0;
		};
/* End PBXFrameworksBuildPhase section */

/* Begin PBXGroup section */
		04B8B42EC00D9BB48C16E060 /* Pods */ = {
			isa = PBXGroup;
			children = (
				14F876E0FE628F1D67912E71 /* Pods-JSAUIKitCocoaDemo.debug.xcconfig */,
				D9AC1CEA4C27A6B7CA69BCAB /* Pods-JSAUIKitCocoaDemo.release.xcconfig */,
				FFEA1DCCC07F03C49D38FFFF /* Pods-JSAUIKitCocoaDemoTests.debug.xcconfig */,
				9EBDD17299913BA675F3D2C4 /* Pods-JSAUIKitCocoaDemoTests.release.xcconfig */,
				47FE236C0B826F433CFF480D /* Pods-JSAUIKitCocoaDemoUITests.debug.xcconfig */,
				20E5C3991D6785AED3CA0976 /* Pods-JSAUIKitCocoaDemoUITests.release.xcconfig */,
			);
			path = Pods;
			sourceTree = "<group>";
		};
		92D8D1F0F34776636584B5BA /* Frameworks */ = {
			isa = PBXGroup;
			children = (
				F23E68A94665E47C87A3CCB7 /* libPods-JSAUIKitCocoaDemo.a */,
				A9130BE979DA3649330D43C2 /* libPods-JSAUIKitCocoaDemoTests.a */,
				2AD55116953FEDE9CE1E57A7 /* libPods-JSAUIKitCocoaDemoUITests.a */,
			);
			name = Frameworks;
			sourceTree = "<group>";
		};
		F7A52171219B17E4002A67D0 = {
			isa = PBXGroup;
			children = (
				F7A521BB219C0D54002A67D0 /* Assets */,
				F7A521AF219B222A002A67D0 /* JSAUIKitCocoa */,
				F7A5217C219B17E4002A67D0 /* JSAUIKitCocoaDemo */,
				F7A52195219B17E5002A67D0 /* JSAUIKitCocoaDemoTests */,
				F7A521A0219B17E5002A67D0 /* JSAUIKitCocoaDemoUITests */,
				F7A5217B219B17E4002A67D0 /* Products */,
				04B8B42EC00D9BB48C16E060 /* Pods */,
				92D8D1F0F34776636584B5BA /* Frameworks */,
			);
			sourceTree = "<group>";
		};
		F7A5217B219B17E4002A67D0 /* Products */ = {
			isa = PBXGroup;
			children = (
				F7A5217A219B17E4002A67D0 /* JSAUIKitCocoaDemo.app */,
				F7A52192219B17E5002A67D0 /* JSAUIKitCocoaDemoTests.xctest */,
				F7A5219D219B17E5002A67D0 /* JSAUIKitCocoaDemoUITests.xctest */,
			);
			name = Products;
			sourceTree = "<group>";
		};
		F7A5217C219B17E4002A67D0 /* JSAUIKitCocoaDemo */ = {
			isa = PBXGroup;
			children = (
				F7A521B5219B2E07002A67D0 /* JSApp */,
				F7A5217D219B17E4002A67D0 /* AppDelegate.h */,
				F7A5217E219B17E4002A67D0 /* AppDelegate.m */,
				F7A52186219B17E5002A67D0 /* Assets.xcassets */,
				F7A52188219B17E5002A67D0 /* LaunchScreen.storyboard */,
				F7A5218B219B17E5002A67D0 /* Info.plist */,
				F7A5218C219B17E5002A67D0 /* main.m */,
			);
			path = JSAUIKitCocoaDemo;
			sourceTree = "<group>";
		};
		F7A52195219B17E5002A67D0 /* JSAUIKitCocoaDemoTests */ = {
			isa = PBXGroup;
			children = (
				F7A52196219B17E5002A67D0 /* JSAUIKitCocoaDemoTests.m */,
				F7A52198219B17E5002A67D0 /* Info.plist */,
			);
			path = JSAUIKitCocoaDemoTests;
			sourceTree = "<group>";
		};
		F7A521A0219B17E5002A67D0 /* JSAUIKitCocoaDemoUITests */ = {
			isa = PBXGroup;
			children = (
				F7A521A1219B17E5002A67D0 /* JSAUIKitCocoaDemoUITests.m */,
				F7A521A3219B17E5002A67D0 /* Info.plist */,
			);
			path = JSAUIKitCocoaDemoUITests;
			sourceTree = "<group>";
		};
		F7A521AF219B222A002A67D0 /* JSAUIKitCocoa */ = {
			isa = PBXGroup;
			children = (
				F7A521B0219B223C002A67D0 /* Classes */,
				F7A521B4219B2524002A67D0 /* JSAUIKitCocoa.h */,
				F7A521CC21A3E458002A67D0 /* JSANSObject.h */,
				F7A521C1219C1623002A67D0 /* JSAUIColor.h */,
				F7A521C921A3BA5D002A67D0 /* JSAUIResponder.h */,
				F7A521B8219BDF39002A67D0 /* JSAUIView.h */,
				F7A521B1219B24B2002A67D0 /* JSAUIViewController.h */,
				F7A521BE219C12DE002A67D0 /* JSAMyRelativeLayout.h */,
				F7A521CF21A427B4002A67D0 /* JSAMyLinearLayout.h */,
			);
			path = JSAUIKitCocoa;
			sourceTree = "<group>";
		};
		F7A521B0219B223C002A67D0 /* Classes */ = {
			isa = PBXGroup;
			children = (
				F7A521B9219BDF39002A67D0 /* JSAUIView.m */,
				F7A521B2219B24B2002A67D0 /* JSAUIViewController.m */,
				F7A521C2219C1623002A67D0 /* JSAUIColor.m */,
				F7A521C4219C4B00002A67D0 /* JSAMyLayoutPos.h */,
				F7A521C5219C4B00002A67D0 /* JSAMyLayoutPos.m */,
				F7A521CA21A3BA5D002A67D0 /* JSAUIResponder.m */,
				F7A521CD21A3E458002A67D0 /* JSANSObject.m */,
				F7A521BF219C12DE002A67D0 /* JSAMyRelativeLayout.m */,
				F7A521D021A427B4002A67D0 /* JSAMyLinearLayout.m */,
			);
			path = Classes;
			sourceTree = "<group>";
		};
		F7A521B5219B2E07002A67D0 /* JSApp */ = {
			isa = PBXGroup;
			children = (
				F7A521B6219B2E47002A67D0 /* app */,
			);
			path = JSApp;
			sourceTree = "<group>";
		};
		F7A521BB219C0D54002A67D0 /* Assets */ = {
			isa = PBXGroup;
			children = (
				F7A521BC219C0D80002A67D0 /* jsa */,
			);
			path = Assets;
			sourceTree = "<group>";
		};
/* End PBXGroup section */

/* Begin PBXNativeTarget section */
		F7A52179219B17E4002A67D0 /* JSAUIKitCocoaDemo */ = {
			isa = PBXNativeTarget;
			buildConfigurationList = F7A521A6219B17E5002A67D0 /* Build configuration list for PBXNativeTarget "JSAUIKitCocoaDemo" */;
			buildPhases = (
				BF7C4A6293E20C3828EC1867 /* [CP] Check Pods Manifest.lock */,
				F7A52176219B17E4002A67D0 /* Sources */,
				F7A52177219B17E4002A67D0 /* Frameworks */,
				F7A52178219B17E4002A67D0 /* Resources */,
				B1D4FB29280320FC5477AA3F /* [CP] Copy Pods Resources */,
			);
			buildRules = (
			);
			dependencies = (
			);
			name = JSAUIKitCocoaDemo;
			productName = JSAUIKitCocoaDemo;
			productReference = F7A5217A219B17E4002A67D0 /* JSAUIKitCocoaDemo.app */;
			productType = "com.apple.product-type.application";
		};
		F7A52191219B17E5002A67D0 /* JSAUIKitCocoaDemoTests */ = {
			isa = PBXNativeTarget;
			buildConfigurationList = F7A521A9219B17E5002A67D0 /* Build configuration list for PBXNativeTarget "JSAUIKitCocoaDemoTests" */;
			buildPhases = (
				2CACE5A746040296C7E8605A /* [CP] Check Pods Manifest.lock */,
				F7A5218E219B17E5002A67D0 /* Sources */,
				F7A5218F219B17E5002A67D0 /* Frameworks */,
				F7A52190219B17E5002A67D0 /* Resources */,
			);
			buildRules = (
			);
			dependencies = (
				F7A52194219B17E5002A67D0 /* PBXTargetDependency */,
			);
			name = JSAUIKitCocoaDemoTests;
			productName = JSAUIKitCocoaDemoTests;
			productReference = F7A52192219B17E5002A67D0 /* JSAUIKitCocoaDemoTests.xctest */;
			productType = "com.apple.product-type.bundle.unit-test";
		};
		F7A5219C219B17E5002A67D0 /* JSAUIKitCocoaDemoUITests */ = {
			isa = PBXNativeTarget;
			buildConfigurationList = F7A521AC219B17E5002A67D0 /* Build configuration list for PBXNativeTarget "JSAUIKitCocoaDemoUITests" */;
			buildPhases = (
				845BB5325D86BC781863583A /* [CP] Check Pods Manifest.lock */,
				F7A52199219B17E5002A67D0 /* Sources */,
				F7A5219A219B17E5002A67D0 /* Frameworks */,
				F7A5219B219B17E5002A67D0 /* Resources */,
			);
			buildRules = (
			);
			dependencies = (
				F7A5219F219B17E5002A67D0 /* PBXTargetDependency */,
			);
			name = JSAUIKitCocoaDemoUITests;
			productName = JSAUIKitCocoaDemoUITests;
			productReference = F7A5219D219B17E5002A67D0 /* JSAUIKitCocoaDemoUITests.xctest */;
			productType = "com.apple.product-type.bundle.ui-testing";
		};
/* End PBXNativeTarget section */

/* Begin PBXProject section */
		F7A52172219B17E4002A67D0 /* Project object */ = {
			isa = PBXProject;
			attributes = {
				LastUpgradeCheck = 1000;
				ORGANIZATIONNAME = JSAppSugar;
				TargetAttributes = {
					F7A52179219B17E4002A67D0 = {
						CreatedOnToolsVersion = 10.0;
					};
					F7A52191219B17E5002A67D0 = {
						CreatedOnToolsVersion = 10.0;
						TestTargetID = F7A52179219B17E4002A67D0;
					};
					F7A5219C219B17E5002A67D0 = {
						CreatedOnToolsVersion = 10.0;
						TestTargetID = F7A52179219B17E4002A67D0;
					};
				};
			};
			buildConfigurationList = F7A52175219B17E4002A67D0 /* Build configuration list for PBXProject "JSAUIKitCocoaDemo" */;
			compatibilityVersion = "Xcode 9.3";
			developmentRegion = en;
			hasScannedForEncodings = 0;
			knownRegions = (
				en,
				Base,
			);
			mainGroup = F7A52171219B17E4002A67D0;
			productRefGroup = F7A5217B219B17E4002A67D0 /* Products */;
			projectDirPath = "";
			projectRoot = "";
			targets = (
				F7A52179219B17E4002A67D0 /* JSAUIKitCocoaDemo */,
				F7A52191219B17E5002A67D0 /* JSAUIKitCocoaDemoTests */,
				F7A5219C219B17E5002A67D0 /* JSAUIKitCocoaDemoUITests */,
			);
		};
/* End PBXProject section */

/* Begin PBXResourcesBuildPhase section */
		F7A52178219B17E4002A67D0 /* Resources */ = {
			isa = PBXResourcesBuildPhase;
			buildActionMask = 2147483647;
			files = (
				F7A521B7219B2E47002A67D0 /* app in Resources */,
				F7A521BD219C0D80002A67D0 /* jsa in Resources */,
				F7A5218A219B17E5002A67D0 /* LaunchScreen.storyboard in Resources */,
				F7A52187219B17E5002A67D0 /* Assets.xcassets in Resources */,
			);
			runOnlyForDeploymentPostprocessing = 0;
		};
		F7A52190219B17E5002A67D0 /* Resources */ = {
			isa = PBXResourcesBuildPhase;
			buildActionMask = 2147483647;
			files = (
			);
			runOnlyForDeploymentPostprocessing = 0;
		};
		F7A5219B219B17E5002A67D0 /* Resources */ = {
			isa = PBXResourcesBuildPhase;
			buildActionMask = 2147483647;
			files = (
			);
			runOnlyForDeploymentPostprocessing = 0;
		};
/* End PBXResourcesBuildPhase section */

/* Begin PBXShellScriptBuildPhase section */
		2CACE5A746040296C7E8605A /* [CP] Check Pods Manifest.lock */ = {
			isa = PBXShellScriptBuildPhase;
			buildActionMask = 2147483647;
			files = (
			);
			inputFileListPaths = (
			);
			inputPaths = (
				"${PODS_PODFILE_DIR_PATH}/Podfile.lock",
				"${PODS_ROOT}/Manifest.lock",
			);
			name = "[CP] Check Pods Manifest.lock";
			outputFileListPaths = (
			);
			outputPaths = (
				"$(DERIVED_FILE_DIR)/Pods-JSAUIKitCocoaDemoTests-checkManifestLockResult.txt",
			);
			runOnlyForDeploymentPostprocessing = 0;
			shellPath = /bin/sh;
			shellScript = "diff \"${PODS_PODFILE_DIR_PATH}/Podfile.lock\" \"${PODS_ROOT}/Manifest.lock\" > /dev/null\nif [ $? != 0 ] ; then\n    # print error to STDERR\n    echo \"error: The sandbox is not in sync with the Podfile.lock. Run 'pod install' or update your CocoaPods installation.\" >&2\n    exit 1\nfi\n# This output is used by Xcode 'outputs' to avoid re-running this script phase.\necho \"SUCCESS\" > \"${SCRIPT_OUTPUT_FILE_0}\"\n";
			showEnvVarsInLog = 0;
		};
		845BB5325D86BC781863583A /* [CP] Check Pods Manifest.lock */ = {
			isa = PBXShellScriptBuildPhase;
			buildActionMask = 2147483647;
			files = (
			);
			inputFileListPaths = (
			);
			inputPaths = (
				"${PODS_PODFILE_DIR_PATH}/Podfile.lock",
				"${PODS_ROOT}/Manifest.lock",
			);
			name = "[CP] Check Pods Manifest.lock";
			outputFileListPaths = (
			);
			outputPaths = (
				"$(DERIVED_FILE_DIR)/Pods-JSAUIKitCocoaDemoUITests-checkManifestLockResult.txt",
			);
			runOnlyForDeploymentPostprocessing = 0;
			shellPath = /bin/sh;
			shellScript = "diff \"${PODS_PODFILE_DIR_PATH}/Podfile.lock\" \"${PODS_ROOT}/Manifest.lock\" > /dev/null\nif [ $? != 0 ] ; then\n    # print error to STDERR\n    echo \"error: The sandbox is not in sync with the Podfile.lock. Run 'pod install' or update your CocoaPods installation.\" >&2\n    exit 1\nfi\n# This output is used by Xcode 'outputs' to avoid re-running this script phase.\necho \"SUCCESS\" > \"${SCRIPT_OUTPUT_FILE_0}\"\n";
			showEnvVarsInLog = 0;
		};
		B1D4FB29280320FC5477AA3F /* [CP] Copy Pods Resources */ = {
			isa = PBXShellScriptBuildPhase;
			buildActionMask = 2147483647;
			files = (
			);
			inputFileListPaths = (
			);
			inputPaths = (
				"${PODS_ROOT}/Target Support Files/Pods-JSAUIKitCocoaDemo/Pods-JSAUIKitCocoaDemo-resources.sh",
				"${PODS_ROOT}/JSA4Cocoa/Assets/JSA4Cocoa.js",
				"${PODS_ROOT}/JSA4Cocoa/Assets/JSAppSugar.js",
			);
			name = "[CP] Copy Pods Resources";
			outputFileListPaths = (
			);
			outputPaths = (
				"${TARGET_BUILD_DIR}/${UNLOCALIZED_RESOURCES_FOLDER_PATH}/JSA4Cocoa.js",
				"${TARGET_BUILD_DIR}/${UNLOCALIZED_RESOURCES_FOLDER_PATH}/JSAppSugar.js",
			);
			runOnlyForDeploymentPostprocessing = 0;
			shellPath = /bin/sh;
			shellScript = "\"${PODS_ROOT}/Target Support Files/Pods-JSAUIKitCocoaDemo/Pods-JSAUIKitCocoaDemo-resources.sh\"\n";
			showEnvVarsInLog = 0;
		};
		BF7C4A6293E20C3828EC1867 /* [CP] Check Pods Manifest.lock */ = {
			isa = PBXShellScriptBuildPhase;
			buildActionMask = 2147483647;
			files = (
			);
			inputFileListPaths = (
			);
			inputPaths = (
				"${PODS_PODFILE_DIR_PATH}/Podfile.lock",
				"${PODS_ROOT}/Manifest.lock",
			);
			name = "[CP] Check Pods Manifest.lock";
			outputFileListPaths = (
			);
			outputPaths = (
				"$(DERIVED_FILE_DIR)/Pods-JSAUIKitCocoaDemo-checkManifestLockResult.txt",
			);
			runOnlyForDeploymentPostprocessing = 0;
			shellPath = /bin/sh;
			shellScript = "diff \"${PODS_PODFILE_DIR_PATH}/Podfile.lock\" \"${PODS_ROOT}/Manifest.lock\" > /dev/null\nif [ $? != 0 ] ; then\n    # print error to STDERR\n    echo \"error: The sandbox is not in sync with the Podfile.lock. Run 'pod install' or update your CocoaPods installation.\" >&2\n    exit 1\nfi\n# This output is used by Xcode 'outputs' to avoid re-running this script phase.\necho \"SUCCESS\" > \"${SCRIPT_OUTPUT_FILE_0}\"\n";
			showEnvVarsInLog = 0;
		};
/* End PBXShellScriptBuildPhase section */

/* Begin PBXSourcesBuildPhase section */
		F7A52176219B17E4002A67D0 /* Sources */ = {
			isa = PBXSourcesBuildPhase;
			buildActionMask = 2147483647;
			files = (
				F7A521C3219C1623002A67D0 /* JSAUIColor.m in Sources */,
				F7A521CB21A3BA5D002A67D0 /* JSAUIResponder.m in Sources */,
				F7A5218D219B17E5002A67D0 /* main.m in Sources */,
				F7A5217F219B17E4002A67D0 /* AppDelegate.m in Sources */,
				F7A521CE21A3E458002A67D0 /* JSANSObject.m in Sources */,
				F7A521D121A427B4002A67D0 /* JSAMyLinearLayout.m in Sources */,
				F7A521BA219BDF39002A67D0 /* JSAUIView.m in Sources */,
				F7A521C0219C12DE002A67D0 /* JSAMyRelativeLayout.m in Sources */,
				F7A521B3219B24B2002A67D0 /* JSAUIViewController.m in Sources */,
				F7A521C6219C4B00002A67D0 /* JSAMyLayoutPos.m in Sources */,
			);
			runOnlyForDeploymentPostprocessing = 0;
		};
		F7A5218E219B17E5002A67D0 /* Sources */ = {
			isa = PBXSourcesBuildPhase;
			buildActionMask = 2147483647;
			files = (
				F7A52197219B17E5002A67D0 /* JSAUIKitCocoaDemoTests.m in Sources */,
			);
			runOnlyForDeploymentPostprocessing = 0;
		};
		F7A52199219B17E5002A67D0 /* Sources */ = {
			isa = PBXSourcesBuildPhase;
			buildActionMask = 2147483647;
			files = (
				F7A521A2219B17E5002A67D0 /* JSAUIKitCocoaDemoUITests.m in Sources */,
			);
			runOnlyForDeploymentPostprocessing = 0;
		};
/* End PBXSourcesBuildPhase section */

/* Begin PBXTargetDependency section */
		F7A52194219B17E5002A67D0 /* PBXTargetDependency */ = {
			isa = PBXTargetDependency;
			target = F7A52179219B17E4002A67D0 /* JSAUIKitCocoaDemo */;
			targetProxy = F7A52193219B17E5002A67D0 /* PBXContainerItemProxy */;
		};
		F7A5219F219B17E5002A67D0 /* PBXTargetDependency */ = {
			isa = PBXTargetDependency;
			target = F7A52179219B17E4002A67D0 /* JSAUIKitCocoaDemo */;
			targetProxy = F7A5219E219B17E5002A67D0 /* PBXContainerItemProxy */;
		};
/* End PBXTargetDependency section */

/* Begin PBXVariantGroup section */
		F7A52188219B17E5002A67D0 /* LaunchScreen.storyboard */ = {
			isa = PBXVariantGroup;
			children = (
				F7A52189219B17E5002A67D0 /* Base */,
			);
			name = LaunchScreen.storyboard;
			sourceTree = "<group>";
		};
/* End PBXVariantGroup section */

/* Begin XCBuildConfiguration section */
		F7A521A4219B17E5002A67D0 /* Debug */ = {
			isa = XCBuildConfiguration;
			buildSettings = {
				ALWAYS_SEARCH_USER_PATHS = NO;
				CLANG_ANALYZER_NONNULL = YES;
				CLANG_ANALYZER_NUMBER_OBJECT_CONVERSION = YES_AGGRESSIVE;
				CLANG_CXX_LANGUAGE_STANDARD = "gnu++14";
				CLANG_CXX_LIBRARY = "libc++";
				CLANG_ENABLE_MODULES = YES;
				CLANG_ENABLE_OBJC_ARC = YES;
				CLANG_ENABLE_OBJC_WEAK = YES;
				CLANG_WARN_BLOCK_CAPTURE_AUTORELEASING = YES;
				CLANG_WARN_BOOL_CONVERSION = YES;
				CLANG_WARN_COMMA = YES;
				CLANG_WARN_CONSTANT_CONVERSION = YES;
				CLANG_WARN_DEPRECATED_OBJC_IMPLEMENTATIONS = YES;
				CLANG_WARN_DIRECT_OBJC_ISA_USAGE = YES_ERROR;
				CLANG_WARN_DOCUMENTATION_COMMENTS = YES;
				CLANG_WARN_EMPTY_BODY = YES;
				CLANG_WARN_ENUM_CONVERSION = YES;
				CLANG_WARN_INFINITE_RECURSION = YES;
				CLANG_WARN_INT_CONVERSION = YES;
				CLANG_WARN_NON_LITERAL_NULL_CONVERSION = YES;
				CLANG_WARN_OBJC_IMPLICIT_RETAIN_SELF = YES;
				CLANG_WARN_OBJC_LITERAL_CONVERSION = YES;
				CLANG_WARN_OBJC_ROOT_CLASS = YES_ERROR;
				CLANG_WARN_RANGE_LOOP_ANALYSIS = YES;
				CLANG_WARN_STRICT_PROTOTYPES = YES;
				CLANG_WARN_SUSPICIOUS_MOVE = YES;
				CLANG_WARN_UNGUARDED_AVAILABILITY = YES_AGGRESSIVE;
				CLANG_WARN_UNREACHABLE_CODE = YES;
				CLANG_WARN__DUPLICATE_METHOD_MATCH = YES;
				CODE_SIGN_IDENTITY = "iPhone Developer";
				COPY_PHASE_STRIP = NO;
				DEBUG_INFORMATION_FORMAT = dwarf;
				ENABLE_STRICT_OBJC_MSGSEND = YES;
				ENABLE_TESTABILITY = YES;
				GCC_C_LANGUAGE_STANDARD = gnu11;
				GCC_DYNAMIC_NO_PIC = NO;
				GCC_NO_COMMON_BLOCKS = YES;
				GCC_OPTIMIZATION_LEVEL = 0;
				GCC_PREPROCESSOR_DEFINITIONS = (
					"DEBUG=1",
					"$(inherited)",
				);
				GCC_WARN_64_TO_32_BIT_CONVERSION = YES;
				GCC_WARN_ABOUT_RETURN_TYPE = YES_ERROR;
				GCC_WARN_UNDECLARED_SELECTOR = YES;
				GCC_WARN_UNINITIALIZED_AUTOS = YES_AGGRESSIVE;
				GCC_WARN_UNUSED_FUNCTION = YES;
				GCC_WARN_UNUSED_VARIABLE = YES;
				IPHONEOS_DEPLOYMENT_TARGET = 12.0;
				MTL_ENABLE_DEBUG_INFO = INCLUDE_SOURCE;
				MTL_FAST_MATH = YES;
				ONLY_ACTIVE_ARCH = YES;
				SDKROOT = iphoneos;
			};
			name = Debug;
		};
		F7A521A5219B17E5002A67D0 /* Release */ = {
			isa = XCBuildConfiguration;
			buildSettings = {
				ALWAYS_SEARCH_USER_PATHS = NO;
				CLANG_ANALYZER_NONNULL = YES;
				CLANG_ANALYZER_NUMBER_OBJECT_CONVERSION = YES_AGGRESSIVE;
				CLANG_CXX_LANGUAGE_STANDARD = "gnu++14";
				CLANG_CXX_LIBRARY = "libc++";
				CLANG_ENABLE_MODULES = YES;
				CLANG_ENABLE_OBJC_ARC = YES;
				CLANG_ENABLE_OBJC_WEAK = YES;
				CLANG_WARN_BLOCK_CAPTURE_AUTORELEASING = YES;
				CLANG_WARN_BOOL_CONVERSION = YES;
				CLANG_WARN_COMMA = YES;
				CLANG_WARN_CONSTANT_CONVERSION = YES;
				CLANG_WARN_DEPRECATED_OBJC_IMPLEMENTATIONS = YES;
				CLANG_WARN_DIRECT_OBJC_ISA_USAGE = YES_ERROR;
				CLANG_WARN_DOCUMENTATION_COMMENTS = YES;
				CLANG_WARN_EMPTY_BODY = YES;
				CLANG_WARN_ENUM_CONVERSION = YES;
				CLANG_WARN_INFINITE_RECURSION = YES;
				CLANG_WARN_INT_CONVERSION = YES;
				CLANG_WARN_NON_LITERAL_NULL_CONVERSION = YES;
				CLANG_WARN_OBJC_IMPLICIT_RETAIN_SELF = YES;
				CLANG_WARN_OBJC_LITERAL_CONVERSION = YES;
				CLANG_WARN_OBJC_ROOT_CLASS = YES_ERROR;
				CLANG_WARN_RANGE_LOOP_ANALYSIS = YES;
				CLANG_WARN_STRICT_PROTOTYPES = YES;
				CLANG_WARN_SUSPICIOUS_MOVE = YES;
				CLANG_WARN_UNGUARDED_AVAILABILITY = YES_AGGRESSIVE;
				CLANG_WARN_UNREACHABLE_CODE = YES;
				CLANG_WARN__DUPLICATE_METHOD_MATCH = YES;
				CODE_SIGN_IDENTITY = "iPhone Developer";
				COPY_PHASE_STRIP = NO;
				DEBUG_INFORMATION_FORMAT = "dwarf-with-dsym";
				ENABLE_NS_ASSERTIONS = NO;
				ENABLE_STRICT_OBJC_MSGSEND = YES;
				GCC_C_LANGUAGE_STANDARD = gnu11;
				GCC_NO_COMMON_BLOCKS = YES;
				GCC_WARN_64_TO_32_BIT_CONVERSION = YES;
				GCC_WARN_ABOUT_RETURN_TYPE = YES_ERROR;
				GCC_WARN_UNDECLARED_SELECTOR = YES;
				GCC_WARN_UNINITIALIZED_AUTOS = YES_AGGRESSIVE;
				GCC_WARN_UNUSED_FUNCTION = YES;
				GCC_WARN_UNUSED_VARIABLE = YES;
				IPHONEOS_DEPLOYMENT_TARGET = 12.0;
				MTL_ENABLE_DEBUG_INFO = NO;
				MTL_FAST_MATH = YES;
				SDKROOT = iphoneos;
				VALIDATE_PRODUCT = YES;
			};
			name = Release;
		};
		F7A521A7219B17E5002A67D0 /* Debug */ = {
			isa = XCBuildConfiguration;
			baseConfigurationReference = 14F876E0FE628F1D67912E71 /* Pods-JSAUIKitCocoaDemo.debug.xcconfig */;
			buildSettings = {
				ASSETCATALOG_COMPILER_APPICON_NAME = AppIcon;
				CODE_SIGN_STYLE = Automatic;
				INFOPLIST_FILE = JSAUIKitCocoaDemo/Info.plist;
				IPHONEOS_DEPLOYMENT_TARGET = 9.0;
				LD_RUNPATH_SEARCH_PATHS = (
					"$(inherited)",
					"@executable_path/Frameworks",
				);
				PRODUCT_BUNDLE_IDENTIFIER = tech.iopi.JSAUIKitCocoaDemo;
				PRODUCT_NAME = "$(TARGET_NAME)";
				TARGETED_DEVICE_FAMILY = 1;
			};
			name = Debug;
		};
		F7A521A8219B17E5002A67D0 /* Release */ = {
			isa = XCBuildConfiguration;
			baseConfigurationReference = D9AC1CEA4C27A6B7CA69BCAB /* Pods-JSAUIKitCocoaDemo.release.xcconfig */;
			buildSettings = {
				ASSETCATALOG_COMPILER_APPICON_NAME = AppIcon;
				CODE_SIGN_STYLE = Automatic;
				INFOPLIST_FILE = JSAUIKitCocoaDemo/Info.plist;
				IPHONEOS_DEPLOYMENT_TARGET = 9.0;
				LD_RUNPATH_SEARCH_PATHS = (
					"$(inherited)",
					"@executable_path/Frameworks",
				);
				PRODUCT_BUNDLE_IDENTIFIER = tech.iopi.JSAUIKitCocoaDemo;
				PRODUCT_NAME = "$(TARGET_NAME)";
				TARGETED_DEVICE_FAMILY = 1;
			};
			name = Release;
		};
		F7A521AA219B17E5002A67D0 /* Debug */ = {
			isa = XCBuildConfiguration;
			baseConfigurationReference = FFEA1DCCC07F03C49D38FFFF /* Pods-JSAUIKitCocoaDemoTests.debug.xcconfig */;
			buildSettings = {
				BUNDLE_LOADER = "$(TEST_HOST)";
				CODE_SIGN_STYLE = Automatic;
				INFOPLIST_FILE = JSAUIKitCocoaDemoTests/Info.plist;
				LD_RUNPATH_SEARCH_PATHS = (
					"$(inherited)",
					"@executable_path/Frameworks",
					"@loader_path/Frameworks",
				);
				PRODUCT_BUNDLE_IDENTIFIER = tech.iopi.JSAUIKitCocoaDemoTests;
				PRODUCT_NAME = "$(TARGET_NAME)";
				TARGETED_DEVICE_FAMILY = "1,2";
				TEST_HOST = "$(BUILT_PRODUCTS_DIR)/JSAUIKitCocoaDemo.app/JSAUIKitCocoaDemo";
			};
			name = Debug;
		};
		F7A521AB219B17E5002A67D0 /* Release */ = {
			isa = XCBuildConfiguration;
			baseConfigurationReference = 9EBDD17299913BA675F3D2C4 /* Pods-JSAUIKitCocoaDemoTests.release.xcconfig */;
			buildSettings = {
				BUNDLE_LOADER = "$(TEST_HOST)";
				CODE_SIGN_STYLE = Automatic;
				INFOPLIST_FILE = JSAUIKitCocoaDemoTests/Info.plist;
				LD_RUNPATH_SEARCH_PATHS = (
					"$(inherited)",
					"@executable_path/Frameworks",
					"@loader_path/Frameworks",
				);
				PRODUCT_BUNDLE_IDENTIFIER = tech.iopi.JSAUIKitCocoaDemoTests;
				PRODUCT_NAME = "$(TARGET_NAME)";
				TARGETED_DEVICE_FAMILY = "1,2";
				TEST_HOST = "$(BUILT_PRODUCTS_DIR)/JSAUIKitCocoaDemo.app/JSAUIKitCocoaDemo";
			};
			name = Release;
		};
		F7A521AD219B17E5002A67D0 /* Debug */ = {
			isa = XCBuildConfiguration;
			baseConfigurationReference = 47FE236C0B826F433CFF480D /* Pods-JSAUIKitCocoaDemoUITests.debug.xcconfig */;
			buildSettings = {
				CODE_SIGN_STYLE = Automatic;
				INFOPLIST_FILE = JSAUIKitCocoaDemoUITests/Info.plist;
				LD_RUNPATH_SEARCH_PATHS = (
					"$(inherited)",
					"@executable_path/Frameworks",
					"@loader_path/Frameworks",
				);
				PRODUCT_BUNDLE_IDENTIFIER = tech.iopi.JSAUIKitCocoaDemoUITests;
				PRODUCT_NAME = "$(TARGET_NAME)";
				TARGETED_DEVICE_FAMILY = "1,2";
				TEST_TARGET_NAME = JSAUIKitCocoaDemo;
			};
			name = Debug;
		};
		F7A521AE219B17E5002A67D0 /* Release */ = {
			isa = XCBuildConfiguration;
			baseConfigurationReference = 20E5C3991D6785AED3CA0976 /* Pods-JSAUIKitCocoaDemoUITests.release.xcconfig */;
			buildSettings = {
				CODE_SIGN_STYLE = Automatic;
				INFOPLIST_FILE = JSAUIKitCocoaDemoUITests/Info.plist;
				LD_RUNPATH_SEARCH_PATHS = (
					"$(inherited)",
					"@executable_path/Frameworks",
					"@loader_path/Frameworks",
				);
				PRODUCT_BUNDLE_IDENTIFIER = tech.iopi.JSAUIKitCocoaDemoUITests;
				PRODUCT_NAME = "$(TARGET_NAME)";
				TARGETED_DEVICE_FAMILY = "1,2";
				TEST_TARGET_NAME = JSAUIKitCocoaDemo;
			};
			name = Release;
		};
/* End XCBuildConfiguration section */

/* Begin XCConfigurationList section */
		F7A52175219B17E4002A67D0 /* Build configuration list for PBXProject "JSAUIKitCocoaDemo" */ = {
			isa = XCConfigurationList;
			buildConfigurations = (
				F7A521A4219B17E5002A67D0 /* Debug */,
				F7A521A5219B17E5002A67D0 /* Release */,
			);
			defaultConfigurationIsVisible = 0;
			defaultConfigurationName = Release;
		};
		F7A521A6219B17E5002A67D0 /* Build configuration list for PBXNativeTarget "JSAUIKitCocoaDemo" */ = {
			isa = XCConfigurationList;
			buildConfigurations = (
				F7A521A7219B17E5002A67D0 /* Debug */,
				F7A521A8219B17E5002A67D0 /* Release */,
			);
			defaultConfigurationIsVisible = 0;
			defaultConfigurationName = Release;
		};
		F7A521A9219B17E5002A67D0 /* Build configuration list for PBXNativeTarget "JSAUIKitCocoaDemoTests" */ = {
			isa = XCConfigurationList;
			buildConfigurations = (
				F7A521AA219B17E5002A67D0 /* Debug */,
				F7A521AB219B17E5002A67D0 /* Release */,
			);
			defaultConfigurationIsVisible = 0;
			defaultConfigurationName = Release;
		};
		F7A521AC219B17E5002A67D0 /* Build configuration list for PBXNativeTarget "JSAUIKitCocoaDemoUITests" */ = {
			isa = XCConfigurationList;
			buildConfigurations = (
				F7A521AD219B17E5002A67D0 /* Debug */,
				F7A521AE219B17E5002A67D0 /* Release */,
			);
			defaultConfigurationIsVisible = 0;
			defaultConfigurationName = Release;
		};
/* End XCConfigurationList section */
	};
	rootObject = F7A52172219B17E4002A67D0 /* Project object */;
}
